
Microsoft Visual Studio Solution File, Format Version 12.00
# Visual Studio 2013
VisualStudioVersion = 12.0.21005.1
MinimumVisualStudioVersion = 10.0.40219.1
Project("{FAE04EC0-301F-11D3-BF4B-00C04F79EFBC}") = "AutoCombo", "AutoCombo.csproj", "{5CC1A41F-2113-40E3-A5AC-67B41DFBED5A}"
EndProject
Global
	GlobalSection(SolutionConfigurationPlatforms) = preSolution
		Debug|Any CPU = Debug|Any CPU
		Release|Any CPU = Release|Any CPU
	EndGlobalSection
	GlobalSection(ProjectConfigurationPlatforms) = postSolution
		{5CC1A41F-2113-40E3-A5AC-67B41DFBED5A}.Debug|Any CPU.ActiveCfg = Debug|Any CPU
		{5CC1A41F-2113-40E3-A5AC-67B41DFBED5A}.Debug|Any CPU.Build.0 = Debug|Any CPU
		{5CC1A41F-2113-40E3-A5AC-67B41DFBED5A}.Release|Any CPU.ActiveCfg = Release|Any CPU
		{5CC1A41F-2113-40E3-A5AC-67B41DFBED5A}.Release|Any CPU.Build.0 = Release|Any CPU
	EndGlobalSection
	GlobalSection(SolutionProperties) = preSolution
		HideSolutionNode = FALSE
	EndGlobalSection
EndGlobal
